
Microsoft Visual Studio Solution File, Format Version 12.00
# Visual Studio 15
VisualStudioVersion = 15.0.28307.902
MinimumVisualStudioVersion = 10.0.40219.1
Project("{2150E333-8FDC-42A3-9474-1A3956D46DE8}") = "Domain", "Domain", "{4C6CE3AB-3946-4134-83C1-FB9D5C0DA7B0}"
EndProject
Project("{2150E333-8FDC-42A3-9474-1A3956D46DE8}") = "Infra.Bus", "Infra.Bus", "{D8C12239-0C26-4AB3-AABD-E4D420525B70}"
EndProject
Project("{2150E333-8FDC-42A3-9474-1A3956D46DE8}") = "Infra.IOC", "Infra.IOC", "{22781819-A765-49A4-B5C8-8B67FB56CE91}"
EndProject
Project("{2150E333-8FDC-42A3-9474-1A3956D46DE8}") = "MicroServices", "MicroServices", "{051EA7A6-4F0A-4B46-8279-7E20379398B3}"
EndProject
Project("{9A19103F-16F7-4668-BE54-9A1E7A4F7556}") = "Domain.Core", "Domain.Core\Domain.Core.csproj", "{9CBE57EF-3873-49B9-9DC0-56267683863D}"
EndProject
Project("{9A19103F-16F7-4668-BE54-9A1E7A4F7556}") = "RabbitMqBus", "RabbitMqBus\RabbitMqBus.csproj", "{D3725E1E-C845-433F-9DB2-62FC2DF745CD}"
EndProject
Project("{9A19103F-16F7-4668-BE54-9A1E7A4F7556}") = "Common.IoC", "Common.IoC\Common.IoC.csproj", "{B07A57F2-403A-4B9C-8BFF-773BE246F3DF}"
EndProject
Project("{2150E333-8FDC-42A3-9474-1A3956D46DE8}") = "Producer", "Producer", "{1AED07C7-7904-495B-8FF5-6C37E74F5B2A}"
EndProject
Project("{2150E333-8FDC-42A3-9474-1A3956D46DE8}") = "Consumer", "Consumer", "{2C000E00-0A3E-45A0-8B3D-9B1FBFE905FB}"
EndProject
Project("{2150E333-8FDC-42A3-9474-1A3956D46DE8}") = "Infra.Data", "Infra.Data", "{D0CB98B8-5F2D-4839-85B0-E1A9D1B949F5}"
EndProject
Project("{9A19103F-16F7-4668-BE54-9A1E7A4F7556}") = "Infra.DataLayer", "Infra.DataLayer\Infra.DataLayer.csproj", "{F0A9AE02-63AB-4E95-8FD8-1B748BD33759}"
EndProject
Project("{2150E333-8FDC-42A3-9474-1A3956D46DE8}") = "Application", "Application", "{C54F1CE2-EBFA-4DC9-A47E-61C7AF4D9B21}"
EndProject
Project("{9A19103F-16F7-4668-BE54-9A1E7A4F7556}") = "Producer.Application", "Producer.Application\Producer.Application.csproj", "{B4D2AEC4-614A-4ED1-965F-8B30C0D88A38}"
EndProject
Project("{2150E333-8FDC-42A3-9474-1A3956D46DE8}") = "Application", "Application", "{4AA8C3EE-0214-4A9F-8B7C-B82DA908BDD4}"
EndProject
Project("{9A19103F-16F7-4668-BE54-9A1E7A4F7556}") = "Consumer.Application", "Consumer.Application\Consumer.Application.csproj", "{CB8513FF-AFC1-47C1-8486-E00966E19353}"
EndProject
Project("{2150E333-8FDC-42A3-9474-1A3956D46DE8}") = "Domain", "Domain", "{FA9FC69B-5559-470B-BC05-AE0DCF3F1184}"
EndProject
Project("{9A19103F-16F7-4668-BE54-9A1E7A4F7556}") = "Producer.Domain", "Producer.Domain\Producer.Domain.csproj", "{C2922D5B-CCD1-4E15-A966-427834D265D7}"
EndProject
Project("{2150E333-8FDC-42A3-9474-1A3956D46DE8}") = "Transfer.Applications", "Transfer.Applications", "{9108038D-285A-4903-9D38-C633E82D3C63}"
EndProject
Project("{2150E333-8FDC-42A3-9474-1A3956D46DE8}") = "Producer.Transfer", "Producer.Transfer", "{0F23E302-9F40-4D7B-B418-3F32FA250B9A}"
EndProject
Project("{2150E333-8FDC-42A3-9474-1A3956D46DE8}") = "Consumer.Transfer", "Consumer.Transfer", "{CA6399F1-ED14-4DE9-B651-5DC930CEB629}"
EndProject
Project("{9A19103F-16F7-4668-BE54-9A1E7A4F7556}") = "Produser.App", "Produser.App\Produser.App.csproj", "{7835942D-D387-4605-8A62-09165BB84C0A}"
EndProject
Project("{9A19103F-16F7-4668-BE54-9A1E7A4F7556}") = "Consumer.App", "Consumer.App\Consumer.App.csproj", "{52B37F2D-72DB-4BDE-9F3F-446F5327E449}"
EndProject
Project("{2150E333-8FDC-42A3-9474-1A3956D46DE8}") = "Domain", "Domain", "{53F644DE-A43E-4474-8304-CFBBE6F4B3AC}"
EndProject
Project("{9A19103F-16F7-4668-BE54-9A1E7A4F7556}") = "Consumer.Domain", "Consumer.Domain\Consumer.Domain.csproj", "{A7AF8E7E-2616-4868-BF26-842243454FC3}"
EndProject
Project("{2150E333-8FDC-42A3-9474-1A3956D46DE8}") = "RedisCache", "RedisCache", "{D9E87018-8079-491F-9F6D-E8595631E04C}"
EndProject
Project("{FAE04EC0-301F-11D3-BF4B-00C04F79EFBC}") = "RedisControle", "RedisControle\RedisControle.csproj", "{12598E49-96AB-4BA4-9A3D-C0F173E1BC71}"
EndProject
Project("{FAE04EC0-301F-11D3-BF4B-00C04F79EFBC}") = "RedisTest", "RedisTest\RedisTest.csproj", "{27E11356-DCE1-44DC-9B74-0BE7BF7D3F90}"
EndProject
Project("{E53339B2-1760-4266-BCC7-CA923CBCF16C}") = "docker-compose", "docker-compose.dcproj", "{54A1DB11-5DF3-414A-8205-CCB0F5D9D8BD}"
EndProject
Global
	GlobalSection(SolutionConfigurationPlatforms) = preSolution
		Debug|Any CPU = Debug|Any CPU
		Release|Any CPU = Release|Any CPU
	EndGlobalSection
	GlobalSection(ProjectConfigurationPlatforms) = postSolution
		{9CBE57EF-3873-49B9-9DC0-56267683863D}.Debug|Any CPU.ActiveCfg = Debug|Any CPU
		{9CBE57EF-3873-49B9-9DC0-56267683863D}.Debug|Any CPU.Build.0 = Debug|Any CPU
		{9CBE57EF-3873-49B9-9DC0-56267683863D}.Release|Any CPU.ActiveCfg = Release|Any CPU
		{9CBE57EF-3873-49B9-9DC0-56267683863D}.Release|Any CPU.Build.0 = Release|Any CPU
		{D3725E1E-C845-433F-9DB2-62FC2DF745CD}.Debug|Any CPU.ActiveCfg = Debug|Any CPU
		{D3725E1E-C845-433F-9DB2-62FC2DF745CD}.Debug|Any CPU.Build.0 = Debug|Any CPU
		{D3725E1E-C845-433F-9DB2-62FC2DF745CD}.Release|Any CPU.ActiveCfg = Release|Any CPU
		{D3725E1E-C845-433F-9DB2-62FC2DF745CD}.Release|Any CPU.Build.0 = Release|Any CPU
		{B07A57F2-403A-4B9C-8BFF-773BE246F3DF}.Debug|Any CPU.ActiveCfg = Debug|Any CPU
		{B07A57F2-403A-4B9C-8BFF-773BE246F3DF}.Debug|Any CPU.Build.0 = Debug|Any CPU
		{B07A57F2-403A-4B9C-8BFF-773BE246F3DF}.Release|Any CPU.ActiveCfg = Release|Any CPU
		{B07A57F2-403A-4B9C-8BFF-773BE246F3DF}.Release|Any CPU.Build.0 = Release|Any CPU
		{F0A9AE02-63AB-4E95-8FD8-1B748BD33759}.Debug|Any CPU.ActiveCfg = Debug|Any CPU
		{F0A9AE02-63AB-4E95-8FD8-1B748BD33759}.Debug|Any CPU.Build.0 = Debug|Any CPU
		{F0A9AE02-63AB-4E95-8FD8-1B748BD33759}.Release|Any CPU.ActiveCfg = Release|Any CPU
		{F0A9AE02-63AB-4E95-8FD8-1B748BD33759}.Release|Any CPU.Build.0 = Release|Any CPU
		{B4D2AEC4-614A-4ED1-965F-8B30C0D88A38}.Debug|Any CPU.ActiveCfg = Debug|Any CPU
		{B4D2AEC4-614A-4ED1-965F-8B30C0D88A38}.Debug|Any CPU.Build.0 = Debug|Any CPU
		{B4D2AEC4-614A-4ED1-965F-8B30C0D88A38}.Release|Any CPU.ActiveCfg = Release|Any CPU
		{B4D2AEC4-614A-4ED1-965F-8B30C0D88A38}.Release|Any CPU.Build.0 = Release|Any CPU
		{CB8513FF-AFC1-47C1-8486-E00966E19353}.Debug|Any CPU.ActiveCfg = Debug|Any CPU
		{CB8513FF-AFC1-47C1-8486-E00966E19353}.Debug|Any CPU.Build.0 = Debug|Any CPU
		{CB8513FF-AFC1-47C1-8486-E00966E19353}.Release|Any CPU.ActiveCfg = Release|Any CPU
		{CB8513FF-AFC1-47C1-8486-E00966E19353}.Release|Any CPU.Build.0 = Release|Any CPU
		{C2922D5B-CCD1-4E15-A966-427834D265D7}.Debug|Any CPU.ActiveCfg = Debug|Any CPU
		{C2922D5B-CCD1-4E15-A966-427834D265D7}.Debug|Any CPU.Build.0 = Debug|Any CPU
		{C2922D5B-CCD1-4E15-A966-427834D265D7}.Release|Any CPU.ActiveCfg = Release|Any CPU
		{C2922D5B-CCD1-4E15-A966-427834D265D7}.Release|Any CPU.Build.0 = Release|Any CPU
		{7835942D-D387-4605-8A62-09165BB84C0A}.Debug|Any CPU.ActiveCfg = Debug|Any CPU
		{7835942D-D387-4605-8A62-09165BB84C0A}.Debug|Any CPU.Build.0 = Debug|Any CPU
		{7835942D-D387-4605-8A62-09165BB84C0A}.Release|Any CPU.ActiveCfg = Release|Any CPU
		{7835942D-D387-4605-8A62-09165BB84C0A}.Release|Any CPU.Build.0 = Release|Any CPU
		{52B37F2D-72DB-4BDE-9F3F-446F5327E449}.Debug|Any CPU.ActiveCfg = Debug|Any CPU
		{52B37F2D-72DB-4BDE-9F3F-446F5327E449}.Debug|Any CPU.Build.0 = Debug|Any CPU
		{52B37F2D-72DB-4BDE-9F3F-446F5327E449}.Release|Any CPU.ActiveCfg = Release|Any CPU
		{52B37F2D-72DB-4BDE-9F3F-446F5327E449}.Release|Any CPU.Build.0 = Release|Any CPU
		{A7AF8E7E-2616-4868-BF26-842243454FC3}.Debug|Any CPU.ActiveCfg = Debug|Any CPU
		{A7AF8E7E-2616-4868-BF26-842243454FC3}.Debug|Any CPU.Build.0 = Debug|Any CPU
		{A7AF8E7E-2616-4868-BF26-842243454FC3}.Release|Any CPU.ActiveCfg = Release|Any CPU
		{A7AF8E7E-2616-4868-BF26-842243454FC3}.Release|Any CPU.Build.0 = Release|Any CPU
		{12598E49-96AB-4BA4-9A3D-C0F173E1BC71}.Debug|Any CPU.ActiveCfg = Debug|Any CPU
		{12598E49-96AB-4BA4-9A3D-C0F173E1BC71}.Debug|Any CPU.Build.0 = Debug|Any CPU
		{12598E49-96AB-4BA4-9A3D-C0F173E1BC71}.Release|Any CPU.ActiveCfg = Release|Any CPU
		{12598E49-96AB-4BA4-9A3D-C0F173E1BC71}.Release|Any CPU.Build.0 = Release|Any CPU
		{27E11356-DCE1-44DC-9B74-0BE7BF7D3F90}.Debug|Any CPU.ActiveCfg = Debug|Any CPU
		{27E11356-DCE1-44DC-9B74-0BE7BF7D3F90}.Debug|Any CPU.Build.0 = Debug|Any CPU
		{27E11356-DCE1-44DC-9B74-0BE7BF7D3F90}.Release|Any CPU.ActiveCfg = Release|Any CPU
		{27E11356-DCE1-44DC-9B74-0BE7BF7D3F90}.Release|Any CPU.Build.0 = Release|Any CPU
		{54A1DB11-5DF3-414A-8205-CCB0F5D9D8BD}.Debug|Any CPU.ActiveCfg = Debug|Any CPU
		{54A1DB11-5DF3-414A-8205-CCB0F5D9D8BD}.Debug|Any CPU.Build.0 = Debug|Any CPU
		{54A1DB11-5DF3-414A-8205-CCB0F5D9D8BD}.Release|Any CPU.ActiveCfg = Release|Any CPU
		{54A1DB11-5DF3-414A-8205-CCB0F5D9D8BD}.Release|Any CPU.Build.0 = Release|Any CPU
	EndGlobalSection
	GlobalSection(SolutionProperties) = preSolution
		HideSolutionNode = FALSE
	EndGlobalSection
	GlobalSection(NestedProjects) = preSolution
		{9CBE57EF-3873-49B9-9DC0-56267683863D} = {4C6CE3AB-3946-4134-83C1-FB9D5C0DA7B0}
		{D3725E1E-C845-433F-9DB2-62FC2DF745CD} = {D8C12239-0C26-4AB3-AABD-E4D420525B70}
		{B07A57F2-403A-4B9C-8BFF-773BE246F3DF} = {22781819-A765-49A4-B5C8-8B67FB56CE91}
		{1AED07C7-7904-495B-8FF5-6C37E74F5B2A} = {051EA7A6-4F0A-4B46-8279-7E20379398B3}
		{2C000E00-0A3E-45A0-8B3D-9B1FBFE905FB} = {051EA7A6-4F0A-4B46-8279-7E20379398B3}
		{F0A9AE02-63AB-4E95-8FD8-1B748BD33759} = {D0CB98B8-5F2D-4839-85B0-E1A9D1B949F5}
		{C54F1CE2-EBFA-4DC9-A47E-61C7AF4D9B21} = {1AED07C7-7904-495B-8FF5-6C37E74F5B2A}
		{B4D2AEC4-614A-4ED1-965F-8B30C0D88A38} = {C54F1CE2-EBFA-4DC9-A47E-61C7AF4D9B21}
		{4AA8C3EE-0214-4A9F-8B7C-B82DA908BDD4} = {2C000E00-0A3E-45A0-8B3D-9B1FBFE905FB}
		{CB8513FF-AFC1-47C1-8486-E00966E19353} = {4AA8C3EE-0214-4A9F-8B7C-B82DA908BDD4}
		{FA9FC69B-5559-470B-BC05-AE0DCF3F1184} = {1AED07C7-7904-495B-8FF5-6C37E74F5B2A}
		{C2922D5B-CCD1-4E15-A966-427834D265D7} = {FA9FC69B-5559-470B-BC05-AE0DCF3F1184}
		{0F23E302-9F40-4D7B-B418-3F32FA250B9A} = {9108038D-285A-4903-9D38-C633E82D3C63}
		{CA6399F1-ED14-4DE9-B651-5DC930CEB629} = {9108038D-285A-4903-9D38-C633E82D3C63}
		{7835942D-D387-4605-8A62-09165BB84C0A} = {0F23E302-9F40-4D7B-B418-3F32FA250B9A}
		{52B37F2D-72DB-4BDE-9F3F-446F5327E449} = {CA6399F1-ED14-4DE9-B651-5DC930CEB629}
		{53F644DE-A43E-4474-8304-CFBBE6F4B3AC} = {2C000E00-0A3E-45A0-8B3D-9B1FBFE905FB}
		{A7AF8E7E-2616-4868-BF26-842243454FC3} = {53F644DE-A43E-4474-8304-CFBBE6F4B3AC}
		{12598E49-96AB-4BA4-9A3D-C0F173E1BC71} = {D9E87018-8079-491F-9F6D-E8595631E04C}
		{27E11356-DCE1-44DC-9B74-0BE7BF7D3F90} = {D9E87018-8079-491F-9F6D-E8595631E04C}
	EndGlobalSection
	GlobalSection(ExtensibilityGlobals) = postSolution
		SolutionGuid = {F7398D40-3F92-42B5-946A-E850D590F05B}
	EndGlobalSection
EndGlobal
